
Microsoft Visual Studio Solution File, Format Version 12.00
# Visual Studio 15
VisualStudioVersion = 15.0.28307.1062
MinimumVisualStudioVersion = 10.0.40219.1
Project("{FAE04EC0-301F-11D3-BF4B-00C04F79EFBC}") = "FirstDockerTestProject", "FirstDockerTestProject\FirstDockerTestProject.csproj", "{FC52025F-7B36-447D-814C-9D4BE34008FD}"
EndProject
Global
	GlobalSection(SolutionConfigurationPlatforms) = preSolution
		Debug|Any CPU = Debug|Any CPU
		Release|Any CPU = Release|Any CPU
	EndGlobalSection
	GlobalSection(ProjectConfigurationPlatforms) = postSolution
		{FC52025F-7B36-447D-814C-9D4BE34008FD}.Debug|Any CPU.ActiveCfg = Debug|Any CPU
		{FC52025F-7B36-447D-814C-9D4BE34008FD}.Debug|Any CPU.Build.0 = Debug|Any CPU
		{FC52025F-7B36-447D-814C-9D4BE34008FD}.Release|Any CPU.ActiveCfg = Release|Any CPU
		{FC52025F-7B36-447D-814C-9D4BE34008FD}.Release|Any CPU.Build.0 = Release|Any CPU
	EndGlobalSection
	GlobalSection(SolutionProperties) = preSolution
		HideSolutionNode = FALSE
	EndGlobalSection
	GlobalSection(ExtensibilityGlobals) = postSolution
		SolutionGuid = {8236DB21-582B-401E-BDB1-08412FF60B40}
	EndGlobalSection
EndGlobal
